
Microsoft Visual Studio Solution File, Format Version 12.00
# Visual Studio 2013
VisualStudioVersion = 12.0.40629.0
MinimumVisualStudioVersion = 10.0.40219.1
Project("{FAE04EC0-301F-11D3-BF4B-00C04F79EFBC}") = "ExplodingKittens", "ExplodingKittens\ExplodingKittens.csproj", "{F8CC3100-2BDA-4A31-827C-4000A2646352}"
EndProject
Project("{FAE04EC0-301F-11D3-BF4B-00C04F79EFBC}") = "ExplodingKittens.Tests", "ExplodingKittens.Tests\ExplodingKittens.Tests.csproj", "{9B3ED673-3E7E-4886-979D-912204A3F96C}"
EndProject
Project("{FAE04EC0-301F-11D3-BF4B-00C04F79EFBC}") = "ExplodingKittens.Enums", "ExplodingKittens.Enums\ExplodingKittens.Enums.csproj", "{2B7CCB7B-22EB-48DE-880C-23974D766A08}"
EndProject
Global
	GlobalSection(SolutionConfigurationPlatforms) = preSolution
		Debug|Any CPU = Debug|Any CPU
		Release|Any CPU = Release|Any CPU
	EndGlobalSection
	GlobalSection(ProjectConfigurationPlatforms) = postSolution
		{F8CC3100-2BDA-4A31-827C-4000A2646352}.Debug|Any CPU.ActiveCfg = Debug|Any CPU
		{F8CC3100-2BDA-4A31-827C-4000A2646352}.Debug|Any CPU.Build.0 = Debug|Any CPU
		{F8CC3100-2BDA-4A31-827C-4000A2646352}.Release|Any CPU.ActiveCfg = Release|Any CPU
		{F8CC3100-2BDA-4A31-827C-4000A2646352}.Release|Any CPU.Build.0 = Release|Any CPU
		{9B3ED673-3E7E-4886-979D-912204A3F96C}.Debug|Any CPU.ActiveCfg = Debug|Any CPU
		{9B3ED673-3E7E-4886-979D-912204A3F96C}.Debug|Any CPU.Build.0 = Debug|Any CPU
		{9B3ED673-3E7E-4886-979D-912204A3F96C}.Release|Any CPU.ActiveCfg = Release|Any CPU
		{9B3ED673-3E7E-4886-979D-912204A3F96C}.Release|Any CPU.Build.0 = Release|Any CPU
		{2B7CCB7B-22EB-48DE-880C-23974D766A08}.Debug|Any CPU.ActiveCfg = Debug|Any CPU
		{2B7CCB7B-22EB-48DE-880C-23974D766A08}.Debug|Any CPU.Build.0 = Debug|Any CPU
		{2B7CCB7B-22EB-48DE-880C-23974D766A08}.Release|Any CPU.ActiveCfg = Release|Any CPU
		{2B7CCB7B-22EB-48DE-880C-23974D766A08}.Release|Any CPU.Build.0 = Release|Any CPU
	EndGlobalSection
	GlobalSection(SolutionProperties) = preSolution
		HideSolutionNode = FALSE
	EndGlobalSection
EndGlobal
